{
  "lockfile-version": 1,
  "manifest": {
    "version": 1,
    "install": {
      "nodejs": {
        "pkg-path": "nodejs"
      }
    },
    "hook": {
      "on-activate": "  # Autogenerated by Flox\n\n  # Install nodejs dependencies\n  npm install\n\n  # End autogenerated by Flox\n"
    },
    "profile": {},
    "options": {}
  },
  "packages": [
    {
      "attr_path": "nodejs",
      "broken": false,
      "derivation": "/nix/store/05pp2jwx6ixg5hp3nnpi9s2md52iw4hl-nodejs-22.19.0.drv",
      "description": "Event-driven I/O framework for the V8 JavaScript engine",
      "install_id": "nodejs",
      "license": "MIT",
      "locked_url": "https://github.com/flox/nixpkgs?rev=e643668fd71b949c53f8626614b21ff71a07379d",
      "name": "nodejs-22.19.0",
      "pname": "nodejs",
      "rev": "e643668fd71b949c53f8626614b21ff71a07379d",
      "rev_count": 866707,
      "rev_date": "2025-09-24T05:06:22Z",
      "scrape_date": "2025-09-26T03:42:56.601876Z",
      "stabilities": [
        "unstable"
      ],
      "unfree": false,
      "version": "22.19.0",
      "outputs_to_install": [
        "out"
      ],
      "outputs": {
        "dev": "/nix/store/2haz1qvxgshwfnf34ds3ldhrw1fr19xl-nodejs-22.19.0-dev",
        "libv8": "/nix/store/9c8wh022ri1w080xykya778gkj9y23q0-nodejs-22.19.0-libv8",
        "out": "/nix/store/3scj3c1qxh5iclf8jy5hbl9pki40y77n-nodejs-22.19.0"
      },
      "system": "aarch64-darwin",
      "group": "toplevel",
      "priority": 5
    },
    {
      "attr_path": "nodejs",
      "broken": false,
      "derivation": "/nix/store/h8ngmzg6hh3fcal7s8jrx9giq39nmiym-nodejs-22.19.0.drv",
      "description": "Event-driven I/O framework for the V8 JavaScript engine",
      "install_id": "nodejs",
      "license": "MIT",
      "locked_url": "https://github.com/flox/nixpkgs?rev=e643668fd71b949c53f8626614b21ff71a07379d",
      "name": "nodejs-22.19.0",
      "pname": "nodejs",
      "rev": "e643668fd71b949c53f8626614b21ff71a07379d",
      "rev_count": 866707,
      "rev_date": "2025-09-24T05:06:22Z",
      "scrape_date": "2025-09-26T04:12:09.837708Z",
      "stabilities": [
        "unstable"
      ],
      "unfree": false,
      "version": "22.19.0",
      "outputs_to_install": [
        "out"
      ],
      "outputs": {
        "dev": "/nix/store/i7d7f38736nndmiawzmrx8ncyg12bzzh-nodejs-22.19.0-dev",
        "libv8": "/nix/store/vxims6ls362vhdzlzjxpwbw8vj8p5d0s-nodejs-22.19.0-libv8",
        "out": "/nix/store/13ar46sdd3qls1q4w35qv7v9a6wpj63c-nodejs-22.19.0"
      },
      "system": "aarch64-linux",
      "group": "toplevel",
      "priority": 5
    },
    {
      "attr_path": "nodejs",
      "broken": false,
      "derivation": "/nix/store/749rj64sb8ymn392frgwiq1bn1w1l303-nodejs-22.19.0.drv",
      "description": "Event-driven I/O framework for the V8 JavaScript engine",
      "install_id": "nodejs",
      "license": "MIT",
      "locked_url": "https://github.com/flox/nixpkgs?rev=e643668fd71b949c53f8626614b21ff71a07379d",
      "name": "nodejs-22.19.0",
      "pname": "nodejs",
      "rev": "e643668fd71b949c53f8626614b21ff71a07379d",
      "rev_count": 866707,
      "rev_date": "2025-09-24T05:06:22Z",
      "scrape_date": "2025-09-26T04:39:54.697340Z",
      "stabilities": [
        "unstable"
      ],
      "unfree": false,
      "version": "22.19.0",
      "outputs_to_install": [
        "out"
      ],
      "outputs": {
        "dev": "/nix/store/z08yd37bvr4w54qmkb65d9wzyv27xgrd-nodejs-22.19.0-dev",
        "libv8": "/nix/store/vpz64ylnvx5hm8mx8vx35inhpzbnkljq-nodejs-22.19.0-libv8",
        "out": "/nix/store/xgqkmyswq6s9jbdhvx6x8ix2jkj0jbip-nodejs-22.19.0"
      },
      "system": "x86_64-darwin",
      "group": "toplevel",
      "priority": 5
    },
    {
      "attr_path": "nodejs",
      "broken": false,
      "derivation": "/nix/store/2mqg4y2qz8kyk9xy96z1b80h3km40nch-nodejs-22.19.0.drv",
      "description": "Event-driven I/O framework for the V8 JavaScript engine",
      "install_id": "nodejs",
      "license": "MIT",
      "locked_url": "https://github.com/flox/nixpkgs?rev=e643668fd71b949c53f8626614b21ff71a07379d",
      "name": "nodejs-22.19.0",
      "pname": "nodejs",
      "rev": "e643668fd71b949c53f8626614b21ff71a07379d",
      "rev_count": 866707,
      "rev_date": "2025-09-24T05:06:22Z",
      "scrape_date": "2025-09-26T05:11:15.700217Z",
      "stabilities": [
        "unstable"
      ],
      "unfree": false,
      "version": "22.19.0",
      "outputs_to_install": [
        "out"
      ],
      "outputs": {
        "dev": "/nix/store/a99hiwhamgzds70gxkfnb4cm8i926356-nodejs-22.19.0-dev",
        "libv8": "/nix/store/z6bm3d1gzn39p4yxyga4q3b1spdsggy1-nodejs-22.19.0-libv8",
        "out": "/nix/store/r4557ald6zn4dzmvgh8na9vwnwzgrjgc-nodejs-22.19.0"
      },
      "system": "x86_64-linux",
      "group": "toplevel",
      "priority": 5
    }
  ]
}